
Microsoft Visual Studio Solution File, Format Version 12.00
# Visual Studio 15
VisualStudioVersion = 15.0.26730.12
MinimumVisualStudioVersion = 10.0.40219.1
Project("{2150E333-8FDC-42A3-9474-1A3956D46DE8}") = "lib", "lib", "{A5D3D1FE-8924-4B08-B9DF-2F94C7D6E54E}"
EndProject
Project("{FAE04EC0-301F-11D3-BF4B-00C04F79EFBC}") = "WebModule", "WebModule\WebModule.csproj", "{869B46E6-B8A3-4321-840B-6DCE13058E5C}"
EndProject
Project("{FAE04EC0-301F-11D3-BF4B-00C04F79EFBC}") = "InfrastructureModule", "InfrastructureModule\InfrastructureModule.csproj", "{76B90B35-C867-486E-8173-BAFE11A2A15C}"
EndProject
Project("{FAE04EC0-301F-11D3-BF4B-00C04F79EFBC}") = "InstrumentModule", "InstrumentModule\InstrumentModule.csproj", "{18959822-59E5-4901-AB51-2A50A104922D}"
EndProject
Project("{FAE04EC0-301F-11D3-BF4B-00C04F79EFBC}") = "ProjectModule", "ProjectModule\ProjectModule.csproj", "{9F061C80-C02B-498A-AF63-E57F589DE7FD}"
EndProject
Project("{FAE04EC0-301F-11D3-BF4B-00C04F79EFBC}") = "SystemModule", "SystemModule\SystemModule.csproj", "{556C23A3-93F7-464D-BF60-7457150BAB8C}"
EndProject
Global
	GlobalSection(SolutionConfigurationPlatforms) = preSolution
		Debug|Any CPU = Debug|Any CPU
		Release|Any CPU = Release|Any CPU
	EndGlobalSection
	GlobalSection(ProjectConfigurationPlatforms) = postSolution
		{869B46E6-B8A3-4321-840B-6DCE13058E5C}.Debug|Any CPU.ActiveCfg = Debug|Any CPU
		{869B46E6-B8A3-4321-840B-6DCE13058E5C}.Debug|Any CPU.Build.0 = Debug|Any CPU
		{869B46E6-B8A3-4321-840B-6DCE13058E5C}.Release|Any CPU.ActiveCfg = Release|Any CPU
		{869B46E6-B8A3-4321-840B-6DCE13058E5C}.Release|Any CPU.Build.0 = Release|Any CPU
		{76B90B35-C867-486E-8173-BAFE11A2A15C}.Debug|Any CPU.ActiveCfg = Debug|Any CPU
		{76B90B35-C867-486E-8173-BAFE11A2A15C}.Debug|Any CPU.Build.0 = Debug|Any CPU
		{76B90B35-C867-486E-8173-BAFE11A2A15C}.Release|Any CPU.ActiveCfg = Release|Any CPU
		{76B90B35-C867-486E-8173-BAFE11A2A15C}.Release|Any CPU.Build.0 = Release|Any CPU
		{18959822-59E5-4901-AB51-2A50A104922D}.Debug|Any CPU.ActiveCfg = Debug|Any CPU
		{18959822-59E5-4901-AB51-2A50A104922D}.Debug|Any CPU.Build.0 = Debug|Any CPU
		{18959822-59E5-4901-AB51-2A50A104922D}.Release|Any CPU.ActiveCfg = Release|Any CPU
		{18959822-59E5-4901-AB51-2A50A104922D}.Release|Any CPU.Build.0 = Release|Any CPU
		{9F061C80-C02B-498A-AF63-E57F589DE7FD}.Debug|Any CPU.ActiveCfg = Debug|Any CPU
		{9F061C80-C02B-498A-AF63-E57F589DE7FD}.Debug|Any CPU.Build.0 = Debug|Any CPU
		{9F061C80-C02B-498A-AF63-E57F589DE7FD}.Release|Any CPU.ActiveCfg = Release|Any CPU
		{9F061C80-C02B-498A-AF63-E57F589DE7FD}.Release|Any CPU.Build.0 = Release|Any CPU
		{556C23A3-93F7-464D-BF60-7457150BAB8C}.Debug|Any CPU.ActiveCfg = Debug|Any CPU
		{556C23A3-93F7-464D-BF60-7457150BAB8C}.Debug|Any CPU.Build.0 = Debug|Any CPU
		{556C23A3-93F7-464D-BF60-7457150BAB8C}.Release|Any CPU.ActiveCfg = Release|Any CPU
		{556C23A3-93F7-464D-BF60-7457150BAB8C}.Release|Any CPU.Build.0 = Release|Any CPU
	EndGlobalSection
	GlobalSection(SolutionProperties) = preSolution
		HideSolutionNode = FALSE
	EndGlobalSection
	GlobalSection(ExtensibilityGlobals) = postSolution
		SolutionGuid = {E04EB6CD-8410-4E31-ABC4-CC697282061F}
	EndGlobalSection
EndGlobal
